
Microsoft Visual Studio Solution File, Format Version 12.00
# Visual Studio Version 16
VisualStudioVersion = 16.0.30204.135
MinimumVisualStudioVersion = 10.0.40219.1
Project("{FAE04EC0-301F-11D3-BF4B-00C04F79EFBC}") = "EigenesProjektWPF.NETCORE", "EigenesProjektWPF.NETCORE.csproj", "{25C8C525-8064-4272-9050-D3EF496F0638}"
EndProject
Global
	GlobalSection(SolutionConfigurationPlatforms) = preSolution
		Debug|Any CPU = Debug|Any CPU
		Release|Any CPU = Release|Any CPU
	EndGlobalSection
	GlobalSection(ProjectConfigurationPlatforms) = postSolution
		{25C8C525-8064-4272-9050-D3EF496F0638}.Debug|Any CPU.ActiveCfg = Debug|Any CPU
		{25C8C525-8064-4272-9050-D3EF496F0638}.Debug|Any CPU.Build.0 = Debug|Any CPU
		{25C8C525-8064-4272-9050-D3EF496F0638}.Release|Any CPU.ActiveCfg = Release|Any CPU
		{25C8C525-8064-4272-9050-D3EF496F0638}.Release|Any CPU.Build.0 = Release|Any CPU
	EndGlobalSection
	GlobalSection(SolutionProperties) = preSolution
		HideSolutionNode = FALSE
	EndGlobalSection
	GlobalSection(ExtensibilityGlobals) = postSolution
		SolutionGuid = {976D8345-1E02-4C3E-A069-20DAD057AF20}
	EndGlobalSection
EndGlobal
